PODS:
  - Flutter (1.0.0)
  - flutter_install_app_plugin (0.0.1):
    - Flutter

DEPENDENCIES:
  - Flutter (from `.symlinks/flutter/ios`)
  - flutter_install_app_plugin (from `.symlinks/plugins/flutter_install_app_plugin/ios`)

EXTERNAL SOURCES:
  Flutter:
    :path: ".symlinks/flutter/ios"
  flutter_install_app_plugin:
    :path: ".symlinks/plugins/flutter_install_app_plugin/ios"

SPEC CHECKSUMS:
  Flutter: 0e3d915762c693b495b44d77113d4970485de6ec
  flutter_install_app_plugin: 56e29ad9db09d6751db712e4f9545ee125eed7f7

PODFILE CHECKSUM: 66b7b23a9942ad761ed4913fad82be13829bec7c

COCOAPODS: 1.8.4
