PODS:
  - Flutter (1.0.0)
  - flutter_install_app_plugin (0.3.0):
    - Flutter

DEPENDENCIES:
  - Flutter (from `.symlinks/flutter/ios`)
  - flutter_install_app_plugin (from `.symlinks/plugins/flutter_install_app_plugin/ios`)

EXTERNAL SOURCES:
  Flutter:
    :path: ".symlinks/flutter/ios"
  flutter_install_app_plugin:
    :path: ".symlinks/plugins/flutter_install_app_plugin/ios"

SPEC CHECKSUMS:
  Flutter: 0e3d915762c693b495b44d77113d4970485de6ec
  flutter_install_app_plugin: c0d9c39b9c950378818cbc1131c9fe7a5f9423b2

PODFILE CHECKSUM: 66b7b23a9942ad761ed4913fad82be13829bec7c

COCOAPODS: 1.8.4
